
Microsoft Visual Studio Solution File, Format Version 12.00
# Visual Studio 14
VisualStudioVersion = 14.0.25420.1
MinimumVisualStudioVersion = 10.0.40219.1
Project("{FAE04EC0-301F-11D3-BF4B-00C04F79EFBC}") = "Singleton", "Singleton\Singleton.csproj", "{D904BE4B-1EE5-468B-893F-467D51935EEC}"
EndProject
Project("{FAE04EC0-301F-11D3-BF4B-00C04F79EFBC}") = "FactoryMethod", "FactoryMethod\FactoryMethod.csproj", "{4DED226F-A97D-4410-BA23-D86BC9252609}"
EndProject
Project("{FAE04EC0-301F-11D3-BF4B-00C04F79EFBC}") = "Decorator", "Decorator\Decorator.csproj", "{796128C8-FA81-465D-8D0E-8C7E561D7417}"
EndProject
Project("{FAE04EC0-301F-11D3-BF4B-00C04F79EFBC}") = "Adapter", "Adapter\Adapter.csproj", "{6E365443-EDD4-4527-84A0-741E66102521}"
EndProject
Project("{FAE04EC0-301F-11D3-BF4B-00C04F79EFBC}") = "AbstractFactory", "AbstractFactory\AbstractFactory.csproj", "{064640B8-417B-474D-B2D7-176F6DA5A0BE}"
EndProject
Project("{FAE04EC0-301F-11D3-BF4B-00C04F79EFBC}") = "RepositoryAndUnitOfWork", "RepositoryAndUnitOfWork\RepositoryAndUnitOfWork.csproj", "{37B23BD0-6E3D-4DF8-883A-CEF45C0B18B5}"
EndProject
Project("{FAE04EC0-301F-11D3-BF4B-00C04F79EFBC}") = "Builder", "Builder\Builder.csproj", "{1FD2461C-49FE-4BC1-915C-6491F8D9D91C}"
EndProject
Project("{FAE04EC0-301F-11D3-BF4B-00C04F79EFBC}") = "Prototype", "Prototype\Prototype.csproj", "{0ACBFB51-D3F3-4045-9416-F404D03E48EA}"
EndProject
Global
	GlobalSection(SolutionConfigurationPlatforms) = preSolution
		Debug|Any CPU = Debug|Any CPU
		Release|Any CPU = Release|Any CPU
	EndGlobalSection
	GlobalSection(ProjectConfigurationPlatforms) = postSolution
		{D904BE4B-1EE5-468B-893F-467D51935EEC}.Debug|Any CPU.ActiveCfg = Debug|Any CPU
		{D904BE4B-1EE5-468B-893F-467D51935EEC}.Debug|Any CPU.Build.0 = Debug|Any CPU
		{D904BE4B-1EE5-468B-893F-467D51935EEC}.Release|Any CPU.ActiveCfg = Release|Any CPU
		{D904BE4B-1EE5-468B-893F-467D51935EEC}.Release|Any CPU.Build.0 = Release|Any CPU
		{4DED226F-A97D-4410-BA23-D86BC9252609}.Debug|Any CPU.ActiveCfg = Debug|Any CPU
		{4DED226F-A97D-4410-BA23-D86BC9252609}.Debug|Any CPU.Build.0 = Debug|Any CPU
		{4DED226F-A97D-4410-BA23-D86BC9252609}.Release|Any CPU.ActiveCfg = Release|Any CPU
		{4DED226F-A97D-4410-BA23-D86BC9252609}.Release|Any CPU.Build.0 = Release|Any CPU
		{796128C8-FA81-465D-8D0E-8C7E561D7417}.Debug|Any CPU.ActiveCfg = Debug|Any CPU
		{796128C8-FA81-465D-8D0E-8C7E561D7417}.Debug|Any CPU.Build.0 = Debug|Any CPU
		{796128C8-FA81-465D-8D0E-8C7E561D7417}.Release|Any CPU.ActiveCfg = Release|Any CPU
		{796128C8-FA81-465D-8D0E-8C7E561D7417}.Release|Any CPU.Build.0 = Release|Any CPU
		{6E365443-EDD4-4527-84A0-741E66102521}.Debug|Any CPU.ActiveCfg = Debug|Any CPU
		{6E365443-EDD4-4527-84A0-741E66102521}.Debug|Any CPU.Build.0 = Debug|Any CPU
		{6E365443-EDD4-4527-84A0-741E66102521}.Release|Any CPU.ActiveCfg = Release|Any CPU
		{6E365443-EDD4-4527-84A0-741E66102521}.Release|Any CPU.Build.0 = Release|Any CPU
		{064640B8-417B-474D-B2D7-176F6DA5A0BE}.Debug|Any CPU.ActiveCfg = Debug|Any CPU
		{064640B8-417B-474D-B2D7-176F6DA5A0BE}.Debug|Any CPU.Build.0 = Debug|Any CPU
		{064640B8-417B-474D-B2D7-176F6DA5A0BE}.Release|Any CPU.ActiveCfg = Release|Any CPU
		{064640B8-417B-474D-B2D7-176F6DA5A0BE}.Release|Any CPU.Build.0 = Release|Any CPU
		{37B23BD0-6E3D-4DF8-883A-CEF45C0B18B5}.Debug|Any CPU.ActiveCfg = Debug|Any CPU
		{37B23BD0-6E3D-4DF8-883A-CEF45C0B18B5}.Debug|Any CPU.Build.0 = Debug|Any CPU
		{37B23BD0-6E3D-4DF8-883A-CEF45C0B18B5}.Release|Any CPU.ActiveCfg = Release|Any CPU
		{37B23BD0-6E3D-4DF8-883A-CEF45C0B18B5}.Release|Any CPU.Build.0 = Release|Any CPU
		{1FD2461C-49FE-4BC1-915C-6491F8D9D91C}.Debug|Any CPU.ActiveCfg = Debug|Any CPU
		{1FD2461C-49FE-4BC1-915C-6491F8D9D91C}.Debug|Any CPU.Build.0 = Debug|Any CPU
		{1FD2461C-49FE-4BC1-915C-6491F8D9D91C}.Release|Any CPU.ActiveCfg = Release|Any CPU
		{1FD2461C-49FE-4BC1-915C-6491F8D9D91C}.Release|Any CPU.Build.0 = Release|Any CPU
		{0ACBFB51-D3F3-4045-9416-F404D03E48EA}.Debug|Any CPU.ActiveCfg = Debug|Any CPU
		{0ACBFB51-D3F3-4045-9416-F404D03E48EA}.Debug|Any CPU.Build.0 = Debug|Any CPU
		{0ACBFB51-D3F3-4045-9416-F404D03E48EA}.Release|Any CPU.ActiveCfg = Release|Any CPU
		{0ACBFB51-D3F3-4045-9416-F404D03E48EA}.Release|Any CPU.Build.0 = Release|Any CPU
	EndGlobalSection
	GlobalSection(SolutionProperties) = preSolution
		HideSolutionNode = FALSE
	EndGlobalSection
EndGlobal
